# This file is automatically @generated by Cargo.
# It is not intended for manual editing.
version = 4

[[package]]
name = "addr2line"
version = "0.25.1"
source = "registry+https://github.com/rust-lang/crates.io-index"
checksum = "1b5d307320b3181d6d7954e663bd7c774a838b8220fe0593c86d9fb09f498b4b"
dependencies = [
 "gimli",
]

[[package]]
name = "adler2"
version = "2.0.1"
source = "registry+https://github.com/rust-lang/crates.io-index"
checksum = "320119579fcad9c21884f5c4861d16174d0e06250625266f50fe6898340abefa"

[[package]]
name = "autocfg"
version = "1.5.1"
source = "registry+https://github.com/rust-lang/crates.io-index"
checksum = "f2032f911046de80f0a198e0901378627c33f59ea0ac00e363d481118bd70a53"

[[package]]
name = "backtrace"
version = "0.3.76"
source = "registry+https://github.com/rust-lang/crates.io-index"
checksum = "bb531853791a215d7c62a30daf0dde835f381ab5de4589cfe7c649d2cbe92bd6"
dependencies = [
 "addr2line",
 "cfg-if",
 "libc",
 "miniz_oxide",
 "object",
 "rustc-demangle",
 "windows-link",
]

[[package]]
name = "biome_console"
version = "0.5.8"
source = "registry+https://github.com/rust-lang/crates.io-index"
checksum = "678dfa9a976d1978c136ecddcdf9e9f4947aee7ef2003b4b988dfc78606bfd79"
dependencies = [
 "biome_markup",
 "biome_text_size",
 "schemars",
 "serde",
 "termcolor",
 "unicode-segmentation",
 "unicode-width",
]

[[package]]
name = "biome_css_formatter"
version = "0.5.7"
source = "registry+https://github.com/rust-lang/crates.io-index"
checksum = "ac5c2e2be9a80b221e5272f0c7156b4312996e164d5e8c04f93d97b5379ada20"
dependencies = [
 "biome_css_syntax",
 "biome_diagnostics",
 "biome_formatter",
 "biome_rowan",
 "biome_suppression",
]

[[package]]
name = "biome_css_syntax"
version = "0.5.7"
source = "registry+https://github.com/rust-lang/crates.io-index"
checksum = "017a986fc3a12aacfef25a66f84dc1430c6c4cea9bb57d936a101c1b7d9be688"
dependencies = [
 "biome_rowan",
 "serde",
]

[[package]]
name = "biome_deserialize"
version = "0.5.7"
source = "registry+https://github.com/rust-lang/crates.io-index"
checksum = "5b4443260d505148169f5fb35634c2a60d8489882f8c9c3f1db8b7cf0cb57632"
dependencies = [
 "biome_console",
 "biome_deserialize_macros",
 "biome_diagnostics",
 "biome_json_parser",
 "biome_json_syntax",
 "biome_rowan",
 "bitflags",
 "indexmap 1.9.3",
 "serde",
 "serde_json",
 "tracing",
]

[[package]]
name = "biome_deserialize_macros"
version = "0.5.7"
source = "registry+https://github.com/rust-lang/crates.io-index"
checksum = "3fc1244cc5f0cc267bd26b601e9ccd6851c6a4d395bba07e27c2de641dc84479"
dependencies = [
 "convert_case",
 "proc-macro-error",
 "proc-macro2",
 "quote",
 "syn 1.0.109",
]

[[package]]
name = "biome_diagnostics"
version = "0.5.7"
source = "registry+https://github.com/rust-lang/crates.io-index"
checksum = "fe1317b6d610541c4e6a0e1f803a946f153ace3468bbc77a8f273dcb04ee526f"
dependencies = [
 "backtrace",
 "biome_console",
 "biome_diagnostics_categories",
 "biome_diagnostics_macros",
 "biome_rowan",
 "biome_text_edit",
 "biome_text_size",
 "bitflags",
 "bpaf",
 "oxc_resolver",
 "serde",
 "termcolor",
 "unicode-width",
]

[[package]]
name = "biome_diagnostics_categories"
version = "0.5.7"
source = "registry+https://github.com/rust-lang/crates.io-index"
checksum = "832080d68a2ee2f198d98ff5d26fc0f5c2566907f773d105a4a049ee07664d19"
dependencies = [
 "quote",
 "serde",
]

[[package]]
name = "biome_diagnostics_macros"
version = "0.5.7"
source = "registry+https://github.com/rust-lang/crates.io-index"
checksum = "540fec04d2e789fb992128c63d111b650733274afffff1cb3f26c8dff5167d3b"
dependencies = [
 "proc-macro-error",
 "proc-macro2",
 "quote",
 "syn 1.0.109",
]

[[package]]
name = "biome_formatter"
version = "0.5.7"
source = "registry+https://github.com/rust-lang/crates.io-index"
checksum = "0d351a9dc49ae024220a83c44329ab14a9e66887a7ca51fc7ae875e9e56f626c"
dependencies = [
 "biome_console",
 "biome_deserialize",
 "biome_deserialize_macros",
 "biome_diagnostics",
 "biome_rowan",
 "cfg-if",
 "countme",
 "drop_bomb",
 "indexmap 1.9.3",
 "rustc-hash 1.1.0",
 "tracing",
 "unicode-width",
]

[[package]]
name = "biome_js_factory"
version = "0.5.7"
source = "registry+https://github.com/rust-lang/crates.io-index"
checksum = "3c9847f4dfd16ee242d12b90f96f6b2eb33238dfc4eac7b5c045e14eebe717b7"
dependencies = [
 "biome_js_syntax",
 "biome_rowan",
]

[[package]]
name = "biome_js_formatter"
version = "0.5.7"
source = "registry+https://github.com/rust-lang/crates.io-index"
checksum = "8bc1f8b67a8fa45555a7a9ea1004eca73c159b7f1941050311d35e312cff3bb8"
dependencies = [
 "biome_console",
 "biome_deserialize",
 "biome_deserialize_macros",
 "biome_diagnostics_categories",
 "biome_formatter",
 "biome_js_factory",
 "biome_js_syntax",
 "biome_json_syntax",
 "biome_rowan",
 "biome_text_size",
 "biome_unicode_table",
 "cfg-if",
 "smallvec",
 "tracing",
 "unicode-width",
]

[[package]]
name = "biome_js_syntax"
version = "0.5.7"
source = "registry+https://github.com/rust-lang/crates.io-index"
checksum = "38a524bd8b1f5f7b3355dfe2744196227ee15e9aa3446d562deb9ed511cf2015"
dependencies = [
 "biome_console",
 "biome_diagnostics",
 "biome_rowan",
 "serde",
]

[[package]]
name = "biome_json_factory"
version = "0.5.7"
source = "registry+https://github.com/rust-lang/crates.io-index"
checksum = "e409eb289040f3660689dad178b00b6ac8cfa9a7fffd8225f35cb6b3d36437cf"
dependencies = [
 "biome_json_syntax",
 "biome_rowan",
]

[[package]]
name = "biome_json_parser"
version = "0.5.7"
source = "registry+https://github.com/rust-lang/crates.io-index"
checksum = "9c6d23fb9b683e6356c094b4a0cb38f8aa0acee60ce9c3ef24628d21a204de4d"
dependencies = [
 "biome_console",
 "biome_diagnostics",
 "biome_json_factory",
 "biome_json_syntax",
 "biome_parser",
 "biome_rowan",
 "biome_unicode_table",
 "tracing",
 "unicode-bom",
]

[[package]]
name = "biome_json_syntax"
version = "0.5.7"
source = "registry+https://github.com/rust-lang/crates.io-index"
checksum = "f2645ca57f75680d3d390b2482c35db5850b1d849e1f96151a12f15f4abdb097"
dependencies = [
 "biome_rowan",
 "serde",
]

[[package]]
name = "biome_markup"
version = "0.5.7"
source = "registry+https://github.com/rust-lang/crates.io-index"
checksum = "4a7f11cf91599594528e97d216044ef4e410a103327212d909f215cbafe2fd9c"
dependencies = [
 "proc-macro-error",
 "proc-macro2",
 "quote",
]

[[package]]
name = "biome_parser"
version = "0.5.7"
source = "registry+https://github.com/rust-lang/crates.io-index"
checksum = "955dd999f32c086371d5c0e64b4ea1a50f50c98f1f31a3b9fe17ef47198de19b"
dependencies = [
 "biome_console",
 "biome_diagnostics",
 "biome_rowan",
 "bitflags",
 "drop_bomb",
]

[[package]]
name = "biome_rowan"
version = "0.5.7"
source = "registry+https://github.com/rust-lang/crates.io-index"
checksum = "d3c2dc25a7ba6ae89526340034abed6c89fac35b79060786771e32ed4aac77e7"
dependencies = [
 "biome_text_edit",
 "biome_text_size",
 "countme",
 "hashbrown 0.12.3",
 "memoffset",
 "rustc-hash 1.1.0",
 "tracing",
]

[[package]]
name = "biome_suppression"
version = "0.5.7"
source = "registry+https://github.com/rust-lang/crates.io-index"
checksum = "efb49c8239454ea68c2c59994b2ccda39334f2f4d6980cbd1f8bf5c295ac39d5"
dependencies = [
 "biome_console",
 "biome_diagnostics",
 "biome_rowan",
]

[[package]]
name = "biome_text_edit"
version = "0.5.8"
source = "registry+https://github.com/rust-lang/crates.io-index"
checksum = "a5b42189daa66f0dd20af2a4dd405c28ccf4f5a687c08a5fa4d8e1b31ce2295b"
dependencies = [
 "biome_text_size",
 "serde",
 "similar",
]

[[package]]
name = "biome_text_size"
version = "0.5.8"
source = "registry+https://github.com/rust-lang/crates.io-index"
checksum = "672627531edd258f1a9ecdd9bd5ff3ea6c36768622ce2cedc12dc03cb51605c9"
dependencies = [
 "serde",
]

[[package]]
name = "biome_unicode_table"
version = "0.5.7"
source = "registry+https://github.com/rust-lang/crates.io-index"
checksum = "87e8604d34b02180a58af1dbdaac166f1805f27f5370934142a3246f83870952"

[[package]]
name = "biomine_native"
version = "0.1.0"
dependencies = [
 "biome_css_formatter",
 "biome_css_syntax",
 "biome_diagnostics",
 "biome_js_formatter",
 "biome_parser",
 "biome_rowan",
 "biome_unicode_table",
 "rustler",
]

[[package]]
name = "bitflags"
version = "2.13.0"
source = "registry+https://github.com/rust-lang/crates.io-index"
checksum = "b4388bee8683e3d04af747c73422af53102d2bd24d9eadb6cbc100baef4b43f8"

[[package]]
name = "bpaf"
version = "0.9.26"
source = "registry+https://github.com/rust-lang/crates.io-index"
checksum = "0b86829876e7e200161a5aa6ea688d46c32d64d70ee3100127790dde84688d6e"
dependencies = [
 "bpaf_derive",
]

[[package]]
name = "bpaf_derive"
version = "0.5.26"
source = "registry+https://github.com/rust-lang/crates.io-index"
checksum = "2f7e98cee839b19076cb3ce1afdb62bb182e04ff5f71f70188827002fae91094"
dependencies = [
 "proc-macro2",
 "quote",
 "syn 2.0.118",
]

[[package]]
name = "bstr"
version = "1.12.3"
source = "registry+https://github.com/rust-lang/crates.io-index"
checksum = "5cee35f73844aa3014bb606320a6c1f010249dbdf43342fe54b5a4f6a8ed4b79"
dependencies = [
 "memchr",
 "regex-automata",
 "serde_core",
]

[[package]]
name = "cfg-if"
version = "1.0.4"
source = "registry+https://github.com/rust-lang/crates.io-index"
checksum = "9330f8b2ff13f34540b44e946ef35111825727b38d33286ef986142615121801"

[[package]]
name = "convert_case"
version = "0.6.0"
source = "registry+https://github.com/rust-lang/crates.io-index"
checksum = "ec182b0ca2f35d8fc196cf3404988fd8b8c739a4d270ff118a398feb0cbec1ca"
dependencies = [
 "unicode-segmentation",
]

[[package]]
name = "countme"
version = "3.0.1"
source = "registry+https://github.com/rust-lang/crates.io-index"
checksum = "7704b5fdd17b18ae31c4c1da5a2e0305a2bf17b5249300a9ee9ed7b72114c636"

[[package]]
name = "crossbeam-utils"
version = "0.8.21"
source = "registry+https://github.com/rust-lang/crates.io-index"
checksum = "d0a5c400df2834b80a4c3327b3aad3a4c4cd4de0629063962b03235697506a28"

[[package]]
name = "dashmap"
version = "6.2.1"
source = "registry+https://github.com/rust-lang/crates.io-index"
checksum = "e6361d5c062261c78a176addb82d4c821ae42bed6089de0e12603cd25de2059c"
dependencies = [
 "cfg-if",
 "crossbeam-utils",
 "hashbrown 0.14.5",
 "lock_api",
 "once_cell",
 "parking_lot_core",
]

[[package]]
name = "drop_bomb"
version = "0.1.5"
source = "registry+https://github.com/rust-lang/crates.io-index"
checksum = "9bda8e21c04aca2ae33ffc2fd8c23134f3cac46db123ba97bd9d3f3b8a4a85e1"

[[package]]
name = "dunce"
version = "1.0.5"
source = "registry+https://github.com/rust-lang/crates.io-index"
checksum = "92773504d58c093f6de2459af4af33faa518c13451eb8f2b5698ed3d36e7c813"

[[package]]
name = "dyn-clone"
version = "1.0.20"
source = "registry+https://github.com/rust-lang/crates.io-index"
checksum = "d0881ea181b1df73ff77ffaaf9c7544ecc11e82fba9b5f27b262a3c73a332555"

[[package]]
name = "equivalent"
version = "1.0.2"
source = "registry+https://github.com/rust-lang/crates.io-index"
checksum = "877a4ace8713b0bcf2a4e7eec82529c029f1d0619886d18145fea96c3ffe5c0f"

[[package]]
name = "gimli"
version = "0.32.3"
source = "registry+https://github.com/rust-lang/crates.io-index"
checksum = "e629b9b98ef3dd8afe6ca2bd0f89306cec16d43d907889945bc5d6687f2f13c7"

[[package]]
name = "hashbrown"
version = "0.12.3"
source = "registry+https://github.com/rust-lang/crates.io-index"
checksum = "8a9ee70c43aaf417c914396645a0fa852624801b24ebb7ae78fe8272889ac888"

[[package]]
name = "hashbrown"
version = "0.14.5"
source = "registry+https://github.com/rust-lang/crates.io-index"
checksum = "e5274423e17b7c9fc20b6e7e208532f9b19825d82dfd615708b70edd83df41f1"

[[package]]
name = "hashbrown"
version = "0.17.1"
source = "registry+https://github.com/rust-lang/crates.io-index"
checksum = "ed5909b6e89a2db4456e54cd5f673791d7eca6732202bbf2a9cc504fe2f9b84a"

[[package]]
name = "heck"
version = "0.5.0"
source = "registry+https://github.com/rust-lang/crates.io-index"
checksum = "2304e00983f87ffb38b55b444b5e3b60a884b5d30c0fca7d82fe33449bbe55ea"

[[package]]
name = "indexmap"
version = "1.9.3"
source = "registry+https://github.com/rust-lang/crates.io-index"
checksum = "bd070e393353796e801d209ad339e89596eb4c8d430d18ede6a1cced8fafbd99"
dependencies = [
 "autocfg",
 "hashbrown 0.12.3",
 "serde",
]

[[package]]
name = "indexmap"
version = "2.14.0"
source = "registry+https://github.com/rust-lang/crates.io-index"
checksum = "d466e9454f08e4a911e14806c24e16fba1b4c121d1ea474396f396069cf949d9"
dependencies = [
 "equivalent",
 "hashbrown 0.17.1",
 "serde",
 "serde_core",
]

[[package]]
name = "inventory"
version = "0.3.24"
source = "registry+https://github.com/rust-lang/crates.io-index"
checksum = "a4f0c30c76f2f4ccee3fe55a2435f691ca00c0e4bd87abe4f4a851b1d4dac39b"
dependencies = [
 "rustversion",
]

[[package]]
name = "itoa"
version = "1.0.18"
source = "registry+https://github.com/rust-lang/crates.io-index"
checksum = "8f42a60cbdf9a97f5d2305f08a87dc4e09308d1276d28c869c684d7777685682"

[[package]]
name = "json-strip-comments"
version = "1.0.4"
source = "registry+https://github.com/rust-lang/crates.io-index"
checksum = "b271732a960335e715b6b2ae66a086f115c74eb97360e996d2bd809bfc063bba"
dependencies = [
 "memchr",
]

[[package]]
name = "libc"
version = "0.2.186"
source = "registry+https://github.com/rust-lang/crates.io-index"
checksum = "68ab91017fe16c622486840e4c83c9a37afeff978bd239b5293d61ece587de66"

[[package]]
name = "libloading"
version = "0.9.0"
source = "registry+https://github.com/rust-lang/crates.io-index"
checksum = "754ca22de805bb5744484a5b151a9e1a8e837d5dc232c2d7d8c2e3492edc8b60"
dependencies = [
 "cfg-if",
 "windows-link",
]

[[package]]
name = "lock_api"
version = "0.4.14"
source = "registry+https://github.com/rust-lang/crates.io-index"
checksum = "224399e74b87b5f3557511d98dff8b14089b3dadafcab6bb93eab67d3aace965"
dependencies = [
 "scopeguard",
]

[[package]]
name = "memchr"
version = "2.8.2"
source = "registry+https://github.com/rust-lang/crates.io-index"
checksum = "88904434abc2901f197fe8cc55f0445e7ded921dba5911dad2e2b39b48e663c4"

[[package]]
name = "memoffset"
version = "0.8.0"
source = "registry+https://github.com/rust-lang/crates.io-index"
checksum = "d61c719bcfbcf5d62b3a09efa6088de8c54bc0bfcd3ea7ae39fcc186108b8de1"
dependencies = [
 "autocfg",
]

[[package]]
name = "miniz_oxide"
version = "0.8.9"
source = "registry+https://github.com/rust-lang/crates.io-index"
checksum = "1fa76a2c86f704bdb222d66965fb3d63269ce38518b83cb0575fca855ebb6316"
dependencies = [
 "adler2",
]

[[package]]
name = "object"
version = "0.37.3"
source = "registry+https://github.com/rust-lang/crates.io-index"
checksum = "ff76201f031d8863c38aa7f905eca4f53abbfa15f609db4277d44cd8938f33fe"
dependencies = [
 "memchr",
]

[[package]]
name = "once_cell"
version = "1.21.4"
source = "registry+https://github.com/rust-lang/crates.io-index"
checksum = "9f7c3e4beb33f85d45ae3e3a1792185706c8e16d043238c593331cc7cd313b50"

[[package]]
name = "oxc_resolver"
version = "1.12.0"
source = "registry+https://github.com/rust-lang/crates.io-index"
checksum = "6c20bb345f290c46058ba650fef7ca2b579612cf2786b927ebad7b8bec0845a7"
dependencies = [
 "cfg-if",
 "dashmap",
 "dunce",
 "indexmap 2.14.0",
 "json-strip-comments",
 "once_cell",
 "rustc-hash 2.1.2",
 "serde",
 "serde_json",
 "simdutf8",
 "thiserror",
 "tracing",
]

[[package]]
name = "parking_lot_core"
version = "0.9.12"
source = "registry+https://github.com/rust-lang/crates.io-index"
checksum = "2621685985a2ebf1c516881c026032ac7deafcda1a2c9b7850dc81e3dfcb64c1"
dependencies = [
 "cfg-if",
 "libc",
 "redox_syscall",
 "smallvec",
 "windows-link",
]

[[package]]
name = "pin-project-lite"
version = "0.2.17"
source = "registry+https://github.com/rust-lang/crates.io-index"
checksum = "a89322df9ebe1c1578d689c92318e070967d1042b512afbe49518723f4e6d5cd"

[[package]]
name = "proc-macro-error"
version = "1.0.4"
source = "registry+https://github.com/rust-lang/crates.io-index"
checksum = "da25490ff9892aab3fcf7c36f08cfb902dd3e71ca0f9f9517bea02a73a5ce38c"
dependencies = [
 "proc-macro-error-attr",
 "proc-macro2",
 "quote",
 "version_check",
]

[[package]]
name = "proc-macro-error-attr"
version = "1.0.4"
source = "registry+https://github.com/rust-lang/crates.io-index"
checksum = "a1be40180e52ecc98ad80b184934baf3d0d29f979574e439af5a55274b35f869"
dependencies = [
 "proc-macro2",
 "quote",
 "version_check",
]

[[package]]
name = "proc-macro2"
version = "1.0.106"
source = "registry+https://github.com/rust-lang/crates.io-index"
checksum = "8fd00f0bb2e90d81d1044c2b32617f68fcb9fa3bb7640c23e9c748e53fb30934"
dependencies = [
 "unicode-ident",
]

[[package]]
name = "quote"
version = "1.0.46"
source = "registry+https://github.com/rust-lang/crates.io-index"
checksum = "dfbc457d0c7a0759a614551b11a6409e5951f6c7537be1f1b7682b9ae9230368"
dependencies = [
 "proc-macro2",
]

[[package]]
name = "redox_syscall"
version = "0.5.18"
source = "registry+https://github.com/rust-lang/crates.io-index"
checksum = "ed2bf2547551a7053d6fdfafda3f938979645c44812fbfcda098faae3f1a362d"
dependencies = [
 "bitflags",
]

[[package]]
name = "regex-automata"
version = "0.4.14"
source = "registry+https://github.com/rust-lang/crates.io-index"
checksum = "6e1dd4122fc1595e8162618945476892eefca7b88c52820e74af6262213cae8f"

[[package]]
name = "regex-lite"
version = "0.1.9"
source = "registry+https://github.com/rust-lang/crates.io-index"
checksum = "cab834c73d247e67f4fae452806d17d3c7501756d98c8808d7c9c7aa7d18f973"

[[package]]
name = "rustc-demangle"
version = "0.1.27"
source = "registry+https://github.com/rust-lang/crates.io-index"
checksum = "b50b8869d9fc858ce7266cce0194bd74df58b9d0e3f6df3a9fc8eb470d95c09d"

[[package]]
name = "rustc-hash"
version = "1.1.0"
source = "registry+https://github.com/rust-lang/crates.io-index"
checksum = "08d43f7aa6b08d49f382cde6a7982047c3426db949b1424bc4b7ec9ae12c6ce2"

[[package]]
name = "rustc-hash"
version = "2.1.2"
source = "registry+https://github.com/rust-lang/crates.io-index"
checksum = "94300abf3f1ae2e2b8ffb7b58043de3d399c73fa6f4b73826402a5c457614dbe"

[[package]]
name = "rustler"
version = "0.38.0"
source = "registry+https://github.com/rust-lang/crates.io-index"
checksum = "60ac8495cb6091c1f8bd0c3bb816cd4e6f0a073f396d77eb602cb7f0615212de"
dependencies = [
 "inventory",
 "libc",
 "libloading",
 "regex-lite",
 "rustler_codegen",
]

[[package]]
name = "rustler_codegen"
version = "0.38.0"
source = "registry+https://github.com/rust-lang/crates.io-index"
checksum = "780a2a6b7e3cfac35820473f85cec1cd84d1bdd37ebcb4e24fb126ef0f074838"
dependencies = [
 "heck",
 "inventory",
 "proc-macro2",
 "quote",
 "syn 2.0.118",
]

[[package]]
name = "rustversion"
version = "1.0.22"
source = "registry+https://github.com/rust-lang/crates.io-index"
checksum = "b39cdef0fa800fc44525c84ccb54a029961a8215f9619753635a9c0d2538d46d"

[[package]]
name = "schemars"
version = "0.8.22"
source = "registry+https://github.com/rust-lang/crates.io-index"
checksum = "3fbf2ae1b8bc8e02df939598064d22402220cd5bbcca1c76f7d6a310974d5615"
dependencies = [
 "dyn-clone",
 "indexmap 2.14.0",
 "schemars_derive",
 "serde",
 "serde_json",
 "smallvec",
]

[[package]]
name = "schemars_derive"
version = "0.8.22"
source = "registry+https://github.com/rust-lang/crates.io-index"
checksum = "32e265784ad618884abaea0600a9adf15393368d840e0222d101a072f3f7534d"
dependencies = [
 "proc-macro2",
 "quote",
 "serde_derive_internals",
 "syn 2.0.118",
]

[[package]]
name = "scopeguard"
version = "1.2.0"
source = "registry+https://github.com/rust-lang/crates.io-index"
checksum = "94143f37725109f92c262ed2cf5e59bce7498c01bcc1502d7b9afe439a4e9f49"

[[package]]
name = "serde"
version = "1.0.228"
source = "registry+https://github.com/rust-lang/crates.io-index"
checksum = "9a8e94ea7f378bd32cbbd37198a4a91436180c5bb472411e48b5ec2e2124ae9e"
dependencies = [
 "serde_core",
 "serde_derive",
]

[[package]]
name = "serde_core"
version = "1.0.228"
source = "registry+https://github.com/rust-lang/crates.io-index"
checksum = "41d385c7d4ca58e59fc732af25c3983b67ac852c1a25000afe1175de458b67ad"
dependencies = [
 "serde_derive",
]

[[package]]
name = "serde_derive"
version = "1.0.228"
source = "registry+https://github.com/rust-lang/crates.io-index"
checksum = "d540f220d3187173da220f885ab66608367b6574e925011a9353e4badda91d79"
dependencies = [
 "proc-macro2",
 "quote",
 "syn 2.0.118",
]

[[package]]
name = "serde_derive_internals"
version = "0.29.1"
source = "registry+https://github.com/rust-lang/crates.io-index"
checksum = "18d26a20a969b9e3fdf2fc2d9f21eda6c40e2de84c9408bb5d3b05d499aae711"
dependencies = [
 "proc-macro2",
 "quote",
 "syn 2.0.118",
]

[[package]]
name = "serde_json"
version = "1.0.150"
source = "registry+https://github.com/rust-lang/crates.io-index"
checksum = "e8014e44b4736ed0538adeecded0fce2a272f22dc9578a7eb6b2d9993c74cfb9"
dependencies = [
 "indexmap 2.14.0",
 "itoa",
 "memchr",
 "serde",
 "serde_core",
 "zmij",
]

[[package]]
name = "simdutf8"
version = "0.1.5"
source = "registry+https://github.com/rust-lang/crates.io-index"
checksum = "e3a9fe34e3e7a50316060351f37187a3f546bce95496156754b601a5fa71b76e"

[[package]]
name = "similar"
version = "2.7.0"
source = "registry+https://github.com/rust-lang/crates.io-index"
checksum = "bbbb5d9659141646ae647b42fe094daf6c6192d1620870b449d9557f748b2daa"
dependencies = [
 "bstr",
 "unicode-segmentation",
]

[[package]]
name = "smallvec"
version = "1.15.2"
source = "registry+https://github.com/rust-lang/crates.io-index"
checksum = "8ed6a63f02c8539c91a8685a86f4099661ba3da017932f6ebbea6de3f0fa7c90"

[[package]]
name = "syn"
version = "1.0.109"
source = "registry+https://github.com/rust-lang/crates.io-index"
checksum = "72b64191b275b66ffe2469e8af2c1cfe3bafa67b529ead792a6d0160888b4237"
dependencies = [
 "proc-macro2",
 "quote",
 "unicode-ident",
]

[[package]]
name = "syn"
version = "2.0.118"
source = "registry+https://github.com/rust-lang/crates.io-index"
checksum = "1b9ae57f904213ebb649ce6895b8a66c66f0203b9319718f69a5612a065b1422"
dependencies = [
 "proc-macro2",
 "quote",
 "unicode-ident",
]

[[package]]
name = "termcolor"
version = "1.4.1"
source = "registry+https://github.com/rust-lang/crates.io-index"
checksum = "06794f8f6c5c898b3275aebefa6b8a1cb24cd2c6c79397ab15774837a0bc5755"
dependencies = [
 "winapi-util",
]

[[package]]
name = "thiserror"
version = "1.0.69"
source = "registry+https://github.com/rust-lang/crates.io-index"
checksum = "b6aaf5339b578ea85b50e080feb250a3e8ae8cfcdff9a461c9ec2904bc923f52"
dependencies = [
 "thiserror-impl",
]

[[package]]
name = "thiserror-impl"
version = "1.0.69"
source = "registry+https://github.com/rust-lang/crates.io-index"
checksum = "4fee6c4efc90059e10f81e6d42c60a18f76588c3d74cb83a0b242a2b6c7504c1"
dependencies = [
 "proc-macro2",
 "quote",
 "syn 2.0.118",
]

[[package]]
name = "tracing"
version = "0.1.44"
source = "registry+https://github.com/rust-lang/crates.io-index"
checksum = "63e71662fa4b2a2c3a26f570f037eb95bb1f85397f3cd8076caed2f026a6d100"
dependencies = [
 "pin-project-lite",
 "tracing-attributes",
 "tracing-core",
]

[[package]]
name = "tracing-attributes"
version = "0.1.31"
source = "registry+https://github.com/rust-lang/crates.io-index"
checksum = "7490cfa5ec963746568740651ac6781f701c9c5ea257c58e057f3ba8cf69e8da"
dependencies = [
 "proc-macro2",
 "quote",
 "syn 2.0.118",
]

[[package]]
name = "tracing-core"
version = "0.1.36"
source = "registry+https://github.com/rust-lang/crates.io-index"
checksum = "db97caf9d906fbde555dd62fa95ddba9eecfd14cb388e4f491a66d74cd5fb79a"
dependencies = [
 "once_cell",
]

[[package]]
name = "unicode-bom"
version = "2.0.3"
source = "registry+https://github.com/rust-lang/crates.io-index"
checksum = "7eec5d1121208364f6793f7d2e222bf75a915c19557537745b195b253dd64217"

[[package]]
name = "unicode-ident"
version = "1.0.24"
source = "registry+https://github.com/rust-lang/crates.io-index"
checksum = "e6e4313cd5fcd3dad5cafa179702e2b244f760991f45397d14d4ebf38247da75"

[[package]]
name = "unicode-segmentation"
version = "1.13.3"
source = "registry+https://github.com/rust-lang/crates.io-index"
checksum = "c6f5d3c3b1bf09027a88a6bc961fc00497d651009560b5463668dc81b0fa87a8"

[[package]]
name = "unicode-width"
version = "0.1.14"
source = "registry+https://github.com/rust-lang/crates.io-index"
checksum = "7dd6e30e90baa6f72411720665d41d89b9a3d039dc45b8faea1ddd07f617f6af"

[[package]]
name = "version_check"
version = "0.9.5"
source = "registry+https://github.com/rust-lang/crates.io-index"
checksum = "0b928f33d975fc6ad9f86c8f283853ad26bdd5b10b7f1542aa2fa15e2289105a"

[[package]]
name = "winapi-util"
version = "0.1.11"
source = "registry+https://github.com/rust-lang/crates.io-index"
checksum = "c2a7b1c03c876122aa43f3020e6c3c3ee5c05081c9a00739faf7503aeba10d22"
dependencies = [
 "windows-sys",
]

[[package]]
name = "windows-link"
version = "0.2.1"
source = "registry+https://github.com/rust-lang/crates.io-index"
checksum = "f0805222e57f7521d6a62e36fa9163bc891acd422f971defe97d64e70d0a4fe5"

[[package]]
name = "windows-sys"
version = "0.61.2"
source = "registry+https://github.com/rust-lang/crates.io-index"
checksum = "ae137229bcbd6cdf0f7b80a31df61766145077ddf49416a728b02cb3921ff3fc"
dependencies = [
 "windows-link",
]

[[package]]
name = "zmij"
version = "1.0.21"
source = "registry+https://github.com/rust-lang/crates.io-index"
checksum = "b8848ee67ecc8aedbaf3e4122217aff892639231befc6a1b58d29fff4c2cabaa"
